// !$*UTF8*$!
{
	archiveVersion = 1;
	classes = {
	};
	objectVersion = 55;
	objects = {

/* Begin PBXBuildFile section */
		7743A39B28A23A5F0089B473 /* AppDelegate.swift in Sources */ = {isa = PBXBuildFile; fileRef = 7743A39A28A23A5F0089B473 /* AppDelegate.swift */; };
		7743A39D28A23A5F0089B473 /* SceneDelegate.swift in Sources */ = {isa = PBXBuildFile; fileRef = 7743A39C28A23A5F0089B473 /* SceneDelegate.swift */; };
		7743A39F28A23A5F0089B473 /* ViewController.swift in Sources */ = {isa = PBXBuildFile; fileRef = 7743A39E28A23A5F0089B473 /* ViewController.swift */; };
		7743A3A428A23A600089B473 /* Assets.xcassets in Resources */ = {isa = PBXBuildFile; fileRef = 7743A3A328A23A600089B473 /* Assets.xcassets */; };
		7743A3A728A23A600089B473 /* LaunchScreen.storyboard in Resources */ = {isa = PBXBuildFile; fileRef = 7743A3A528A23A600089B473 /* LaunchScreen.storyboard */; };
		7743A3B028A2419C0089B473 /* SnapKit in Frameworks */ = {isa = PBXBuildFile; productRef = 7743A3AF28A2419C0089B473 /* SnapKit */; };
		7743A3B328A241B30089B473 /* Then in Frameworks */ = {isa = PBXBuildFile; productRef = 7743A3B228A241B30089B473 /* Then */; };
		7743A3BE28A392260089B473 /* LoginViewController.swift in Sources */ = {isa = PBXBuildFile; fileRef = 7743A3BD28A392260089B473 /* LoginViewController.swift */; };
		7743A3CF28A3A3020089B473 /* LeferiPointBlackOblique.otf in Resources */ = {isa = PBXBuildFile; fileRef = 7743A3C928A3A2E10089B473 /* LeferiPointBlackOblique.otf */; };
		7743A3D028A3A3060089B473 /* LeferiPointBlack.otf in Resources */ = {isa = PBXBuildFile; fileRef = 7743A3C828A3A2E10089B473 /* LeferiPointBlack.otf */; };
		7743A3D128A3A3090089B473 /* LeferiBaseRegular.otf in Resources */ = {isa = PBXBuildFile; fileRef = 7743A3C728A3A2E10089B473 /* LeferiBaseRegular.otf */; };
		7743A3D228A3A30B0089B473 /* LeferiBaseBold.otf in Resources */ = {isa = PBXBuildFile; fileRef = 7743A3CA28A3A2E10089B473 /* LeferiBaseBold.otf */; };
		7743A3D328A3A30D0089B473 /* LeferiPointWhiteOblique.otf in Resources */ = {isa = PBXBuildFile; fileRef = 7743A3CC28A3A2E10089B473 /* LeferiPointWhiteOblique.otf */; };
		7743A3D428A3A30F0089B473 /* LeferiPointWhite.otf in Resources */ = {isa = PBXBuildFile; fileRef = 7743A3CB28A3A2E10089B473 /* LeferiPointWhite.otf */; };
		7743A3D528A3A3110089B473 /* LeferiPointSpecialItalic.otf in Resources */ = {isa = PBXBuildFile; fileRef = 7743A3CE28A3A2E10089B473 /* LeferiPointSpecialItalic.otf */; };
		7743A3D628A3A3140089B473 /* LeferiPointSpecial.otf in Resources */ = {isa = PBXBuildFile; fileRef = 7743A3CD28A3A2E10089B473 /* LeferiPointSpecial.otf */; };
/* End PBXBuildFile section */

/* Begin PBXFileReference section */
		7743A39728A23A5F0089B473 /* KREAM.app */ = {isa = PBXFileReference; explicitFileType = wrapper.application; includeInIndex = 0; path = KREAM.app; sourceTree = BUILT_PRODUCTS_DIR; };
		7743A39A28A23A5F0089B473 /* AppDelegate.swift */ = {isa = PBXFileReference; lastKnownFileType = sourcecode.swift; path = AppDelegate.swift; sourceTree = "<group>"; };
		7743A39C28A23A5F0089B473 /* SceneDelegate.swift */ = {isa = PBXFileReference; lastKnownFileType = sourcecode.swift; path = SceneDelegate.swift; sourceTree = "<group>"; };
		7743A39E28A23A5F0089B473 /* ViewController.swift */ = {isa = PBXFileReference; lastKnownFileType = sourcecode.swift; path = ViewController.swift; sourceTree = "<group>"; };
		7743A3A328A23A600089B473 /* Assets.xcassets */ = {isa = PBXFileReference; lastKnownFileType = folder.assetcatalog; path = Assets.xcassets; sourceTree = "<group>"; };
		7743A3A628A23A600089B473 /* Base */ = {isa = PBXFileReference; lastKnownFileType = file.storyboard; name = Base; path = Base.lproj/LaunchScreen.storyboard; sourceTree = "<group>"; };
		7743A3A828A23A600089B473 /* Info.plist */ = {isa = PBXFileReference; lastKnownFileType = text.plist.xml; path = Info.plist; sourceTree = "<group>"; };
		7743A3BD28A392260089B473 /* LoginViewController.swift */ = {isa = PBXFileReference; lastKnownFileType = sourcecode.swift; path = LoginViewController.swift; sourceTree = "<group>"; };
		7743A3C728A3A2E10089B473 /* LeferiBaseRegular.otf */ = {isa = PBXFileReference; lastKnownFileType = file; path = LeferiBaseRegular.otf; sourceTree = "<group>"; };
		7743A3C828A3A2E10089B473 /* LeferiPointBlack.otf */ = {isa = PBXFileReference; lastKnownFileType = file; path = LeferiPointBlack.otf; sourceTree = "<group>"; };
		7743A3C928A3A2E10089B473 /* LeferiPointBlackOblique.otf */ = {isa = PBXFileReference; lastKnownFileType = file; path = LeferiPointBlackOblique.otf; sourceTree = "<group>"; };
		7743A3CA28A3A2E10089B473 /* LeferiBaseBold.otf */ = {isa = PBXFileReference; lastKnownFileType = file; path = LeferiBaseBold.otf; sourceTree = "<group>"; };
		7743A3CB28A3A2E10089B473 /* LeferiPointWhite.otf */ = {isa = PBXFileReference; lastKnownFileType = file; path = LeferiPointWhite.otf; sourceTree = "<group>"; };
		7743A3CC28A3A2E10089B473 /* LeferiPointWhiteOblique.otf */ = {isa = PBXFileReference; lastKnownFileType = file; path = LeferiPointWhiteOblique.otf; sourceTree = "<group>"; };
		7743A3CD28A3A2E10089B473 /* LeferiPointSpecial.otf */ = {isa = PBXFileReference; lastKnownFileType = file; path = LeferiPointSpecial.otf; sourceTree = "<group>"; };
		7743A3CE28A3A2E10089B473 /* LeferiPointSpecialItalic.otf */ = {isa = PBXFileReference; lastKnownFileType = file; path = LeferiPointSpecialItalic.otf; sourceTree = "<group>"; };
/* End PBXFileReference section */

/* Begin PBXFrameworksBuildPhase section */
		7743A39428A23A5F0089B473 /* Frameworks */ = {
			isa = PBXFrameworksBuildPhase;
			buildActionMask = 2147483647;
			files = (
				7743A3B028A2419C0089B473 /* SnapKit in Frameworks */,
				7743A3B328A241B30089B473 /* Then in Frameworks */,
			);
			runOnlyForDeploymentPostprocessing = 0;
		};
/* End PBXFrameworksBuildPhase section */

/* Begin PBXGroup section */
		7743A38E28A23A5F0089B473 = {
			isa = PBXGroup;
			children = (
				7743A39928A23A5F0089B473 /* KREAM */,
				7743A39828A23A5F0089B473 /* Products */,
			);
			sourceTree = "<group>";
		};
		7743A39828A23A5F0089B473 /* Products */ = {
			isa = PBXGroup;
			children = (
				7743A39728A23A5F0089B473 /* KREAM.app */,
			);
			name = Products;
			sourceTree = "<group>";
		};
		7743A39928A23A5F0089B473 /* KREAM */ = {
			isa = PBXGroup;
			children = (
				7743A3B428A242DE0089B473 /* Resource */,
				7743A3B528A242EF0089B473 /* Source */,
				7743A3A828A23A600089B473 /* Info.plist */,
			);
			path = KREAM;
			sourceTree = "<group>";
		};
		7743A3B428A242DE0089B473 /* Resource */ = {
			isa = PBXGroup;
			children = (
				7743A3BC28A243580089B473 /* Storyboards */,
				7743A3BB28A2434A0089B473 /* APIServices */,
			);
			path = Resource;
			sourceTree = "<group>";
		};
		7743A3B528A242EF0089B473 /* Source */ = {
			isa = PBXGroup;
			children = (
				7743A3B628A242FB0089B473 /* VCs */,
				7743A3B728A243050089B473 /* Models */,
				7743A3B828A2430C0089B473 /* Designs */,
				7743A3B928A243160089B473 /* Cells */,
				7743A3BA28A2431D0089B473 /* Classes */,
			);
			path = Source;
			sourceTree = "<group>";
		};
		7743A3B628A242FB0089B473 /* VCs */ = {
			isa = PBXGroup;
			children = (
				7743A39E28A23A5F0089B473 /* ViewController.swift */,
				7743A3BD28A392260089B473 /* LoginViewController.swift */,
			);
			path = VCs;
			sourceTree = "<group>";
		};
		7743A3B728A243050089B473 /* Models */ = {
			isa = PBXGroup;
			children = (
			);
			path = Models;
			sourceTree = "<group>";
		};
		7743A3B828A2430C0089B473 /* Designs */ = {
			isa = PBXGroup;
			children = (
				7743A3CA28A3A2E10089B473 /* LeferiBaseBold.otf */,
				7743A3C728A3A2E10089B473 /* LeferiBaseRegular.otf */,
				7743A3C828A3A2E10089B473 /* LeferiPointBlack.otf */,
				7743A3C928A3A2E10089B473 /* LeferiPointBlackOblique.otf */,
				7743A3CD28A3A2E10089B473 /* LeferiPointSpecial.otf */,
				7743A3CE28A3A2E10089B473 /* LeferiPointSpecialItalic.otf */,
				7743A3CB28A3A2E10089B473 /* LeferiPointWhite.otf */,
				7743A3CC28A3A2E10089B473 /* LeferiPointWhiteOblique.otf */,
			);
			path = Designs;
			sourceTree = "<group>";
		};
		7743A3B928A243160089B473 /* Cells */ = {
			isa = PBXGroup;
			children = (
			);
			path = Cells;
			sourceTree = "<group>";
		};
		7743A3BA28A2431D0089B473 /* Classes */ = {
			isa = PBXGroup;
			children = (
			);
			path = Classes;
			sourceTree = "<group>";
		};
		7743A3BB28A2434A0089B473 /* APIServices */ = {
			isa = PBXGroup;
			children = (
				7743A39A28A23A5F0089B473 /* AppDelegate.swift */,
				7743A39C28A23A5F0089B473 /* SceneDelegate.swift */,
				7743A3A328A23A600089B473 /* Assets.xcassets */,
			);
			path = APIServices;
			sourceTree = "<group>";
		};
		7743A3BC28A243580089B473 /* Storyboards */ = {
			isa = PBXGroup;
			children = (
				7743A3A528A23A600089B473 /* LaunchScreen.storyboard */,
			);
			path = Storyboards;
			sourceTree = "<group>";
		};
/* End PBXGroup section */

/* Begin PBXNativeTarget section */
		7743A39628A23A5F0089B473 /* KREAM */ = {
			isa = PBXNativeTarget;
			buildConfigurationList = 7743A3AB28A23A600089B473 /* Build configuration list for PBXNativeTarget "KREAM" */;
			buildPhases = (
				7743A39328A23A5F0089B473 /* Sources */,
				7743A39428A23A5F0089B473 /* Frameworks */,
				7743A39528A23A5F0089B473 /* Resources */,
			);
			buildRules = (
			);
			dependencies = (
			);
			name = KREAM;
			packageProductDependencies = (
				7743A3AF28A2419C0089B473 /* SnapKit */,
				7743A3B228A241B30089B473 /* Then */,
			);
			productName = KREAM;
			productReference = 7743A39728A23A5F0089B473 /* KREAM.app */;
			productType = "com.apple.product-type.application";
		};
/* End PBXNativeTarget section */

/* Begin PBXProject section */
		7743A38F28A23A5F0089B473 /* Project object */ = {
			isa = PBXProject;
			attributes = {
				BuildIndependentTargetsInParallel = 1;
				LastSwiftUpdateCheck = 1340;
				LastUpgradeCheck = 1340;
				TargetAttributes = {
					7743A39628A23A5F0089B473 = {
						CreatedOnToolsVersion = 13.4.1;
					};
				};
			};
			buildConfigurationList = 7743A39228A23A5F0089B473 /* Build configuration list for PBXProject "KREAM" */;
			compatibilityVersion = "Xcode 13.0";
			developmentRegion = en;
			hasScannedForEncodings = 0;
			knownRegions = (
				en,
				Base,
			);
			mainGroup = 7743A38E28A23A5F0089B473;
			packageReferences = (
				7743A3AE28A2419C0089B473 /* XCRemoteSwiftPackageReference "SnapKit" */,
				7743A3B128A241B30089B473 /* XCRemoteSwiftPackageReference "Then" */,
			);
			productRefGroup = 7743A39828A23A5F0089B473 /* Products */;
			projectDirPath = "";
			projectRoot = "";
			targets = (
				7743A39628A23A5F0089B473 /* KREAM */,
			);
		};
/* End PBXProject section */

/* Begin PBXResourcesBuildPhase section */
		7743A39528A23A5F0089B473 /* Resources */ = {
			isa = PBXResourcesBuildPhase;
			buildActionMask = 2147483647;
			files = (
				7743A3D228A3A30B0089B473 /* LeferiBaseBold.otf in Resources */,
				7743A3CF28A3A3020089B473 /* LeferiPointBlackOblique.otf in Resources */,
				7743A3D028A3A3060089B473 /* LeferiPointBlack.otf in Resources */,
				7743A3A728A23A600089B473 /* LaunchScreen.storyboard in Resources */,
				7743A3A428A23A600089B473 /* Assets.xcassets in Resources */,
				7743A3D428A3A30F0089B473 /* LeferiPointWhite.otf in Resources */,
				7743A3D528A3A3110089B473 /* LeferiPointSpecialItalic.otf in Resources */,
				7743A3D628A3A3140089B473 /* LeferiPointSpecial.otf in Resources */,
				7743A3D328A3A30D0089B473 /* LeferiPointWhiteOblique.otf in Resources */,
				7743A3D128A3A3090089B473 /* LeferiBaseRegular.otf in Resources */,
			);
			runOnlyForDeploymentPostprocessing = 0;
		};
/* End PBXResourcesBuildPhase section */

/* Begin PBXSourcesBuildPhase section */
		7743A39328A23A5F0089B473 /* Sources */ = {
			isa = PBXSourcesBuildPhase;
			buildActionMask = 2147483647;
			files = (
				7743A3BE28A392260089B473 /* LoginViewController.swift in Sources */,
				7743A39F28A23A5F0089B473 /* ViewController.swift in Sources */,
				7743A39B28A23A5F0089B473 /* AppDelegate.swift in Sources */,
				7743A39D28A23A5F0089B473 /* SceneDelegate.swift in Sources */,
			);
			runOnlyForDeploymentPostprocessing = 0;
		};
/* End PBXSourcesBuildPhase section */

/* Begin PBXVariantGroup section */
		7743A3A528A23A600089B473 /* LaunchScreen.storyboard */ = {
			isa = PBXVariantGroup;
			children = (
				7743A3A628A23A600089B473 /* Base */,
			);
			name = LaunchScreen.storyboard;
			sourceTree = "<group>";
		};
/* End PBXVariantGroup section */

/* Begin XCBuildConfiguration section */
		7743A3A928A23A600089B473 /* Debug */ = {
			isa = XCBuildConfiguration;
			buildSettings = {
				ALWAYS_SEARCH_USER_PATHS = NO;
				CLANG_ANALYZER_NONNULL = YES;
				CLANG_ANALYZER_NUMBER_OBJECT_CONVERSION = YES_AGGRESSIVE;
				CLANG_CXX_LANGUAGE_STANDARD = "gnu++17";
				CLANG_ENABLE_MODULES = YES;
				CLANG_ENABLE_OBJC_ARC = YES;
				CLANG_ENABLE_OBJC_WEAK = YES;
				CLANG_WARN_BLOCK_CAPTURE_AUTORELEASING = YES;
				CLANG_WARN_BOOL_CONVERSION = YES;
				CLANG_WARN_COMMA = YES;
				CLANG_WARN_CONSTANT_CONVERSION = YES;
				CLANG_WARN_DEPRECATED_OBJC_IMPLEMENTATIONS = YES;
				CLANG_WARN_DIRECT_OBJC_ISA_USAGE = YES_ERROR;
				CLANG_WARN_DOCUMENTATION_COMMENTS = YES;
				CLANG_WARN_EMPTY_BODY = YES;
				CLANG_WARN_ENUM_CONVERSION = YES;
				CLANG_WARN_INFINITE_RECURSION = YES;
				CLANG_WARN_INT_CONVERSION = YES;
				CLANG_WARN_NON_LITERAL_NULL_CONVERSION = YES;
				CLANG_WARN_OBJC_IMPLICIT_RETAIN_SELF = YES;
				CLANG_WARN_OBJC_LITERAL_CONVERSION = YES;
				CLANG_WARN_OBJC_ROOT_CLASS = YES_ERROR;
				CLANG_WARN_QUOTED_INCLUDE_IN_FRAMEWORK_HEADER = YES;
				CLANG_WARN_RANGE_LOOP_ANALYSIS = YES;
				CLANG_WARN_STRICT_PROTOTYPES = YES;
				CLANG_WARN_SUSPICIOUS_MOVE = YES;
				CLANG_WARN_UNGUARDED_AVAILABILITY = YES_AGGRESSIVE;
				CLANG_WARN_UNREACHABLE_CODE = YES;
				CLANG_WARN__DUPLICATE_METHOD_MATCH = YES;
				COPY_PHASE_STRIP = NO;
				DEBUG_INFORMATION_FORMAT = dwarf;
				ENABLE_STRICT_OBJC_MSGSEND = YES;
				ENABLE_TESTABILITY = YES;
				GCC_C_LANGUAGE_STANDARD = gnu11;
				GCC_DYNAMIC_NO_PIC = NO;
				GCC_NO_COMMON_BLOCKS = YES;
				GCC_OPTIMIZATION_LEVEL = 0;
				GCC_PREPROCESSOR_DEFINITIONS = (
					"DEBUG=1",
					"$(inherited)",
				);
				GCC_WARN_64_TO_32_BIT_CONVERSION = YES;
				GCC_WARN_ABOUT_RETURN_TYPE = YES_ERROR;
				GCC_WARN_UNDECLARED_SELECTOR = YES;
				GCC_WARN_UNINITIALIZED_AUTOS = YES_AGGRESSIVE;
				GCC_WARN_UNUSED_FUNCTION = YES;
				GCC_WARN_UNUSED_VARIABLE = YES;
				IPHONEOS_DEPLOYMENT_TARGET = 15.5;
				MTL_ENABLE_DEBUG_INFO = INCLUDE_SOURCE;
				MTL_FAST_MATH = YES;
				ONLY_ACTIVE_ARCH = YES;
				SDKROOT = iphoneos;
				SWIFT_ACTIVE_COMPILATION_CONDITIONS = DEBUG;
				SWIFT_OPTIMIZATION_LEVEL = "-Onone";
			};
			name = Debug;
		};
		7743A3AA28A23A600089B473 /* Release */ = {
			isa = XCBuildConfiguration;
			buildSettings = {
				ALWAYS_SEARCH_USER_PATHS = NO;
				CLANG_ANALYZER_NONNULL = YES;
				CLANG_ANALYZER_NUMBER_OBJECT_CONVERSION = YES_AGGRESSIVE;
				CLANG_CXX_LANGUAGE_STANDARD = "gnu++17";
				CLANG_ENABLE_MODULES = YES;
				CLANG_ENABLE_OBJC_ARC = YES;
				CLANG_ENABLE_OBJC_WEAK = YES;
				CLANG_WARN_BLOCK_CAPTURE_AUTORELEASING = YES;
				CLANG_WARN_BOOL_CONVERSION = YES;
				CLANG_WARN_COMMA = YES;
				CLANG_WARN_CONSTANT_CONVERSION = YES;
				CLANG_WARN_DEPRECATED_OBJC_IMPLEMENTATIONS = YES;
				CLANG_WARN_DIRECT_OBJC_ISA_USAGE = YES_ERROR;
				CLANG_WARN_DOCUMENTATION_COMMENTS = YES;
				CLANG_WARN_EMPTY_BODY = YES;
				CLANG_WARN_ENUM_CONVERSION = YES;
				CLANG_WARN_INFINITE_RECURSION = YES;
				CLANG_WARN_INT_CONVERSION = YES;
				CLANG_WARN_NON_LITERAL_NULL_CONVERSION = YES;
				CLANG_WARN_OBJC_IMPLICIT_RETAIN_SELF = YES;
				CLANG_WARN_OBJC_LITERAL_CONVERSION = YES;
				CLANG_WARN_OBJC_ROOT_CLASS = YES_ERROR;
				CLANG_WARN_QUOTED_INCLUDE_IN_FRAMEWORK_HEADER = YES;
				CLANG_WARN_RANGE_LOOP_ANALYSIS = YES;
				CLANG_WARN_STRICT_PROTOTYPES = YES;
				CLANG_WARN_SUSPICIOUS_MOVE = YES;
				CLANG_WARN_UNGUARDED_AVAILABILITY = YES_AGGRESSIVE;
				CLANG_WARN_UNREACHABLE_CODE = YES;
				CLANG_WARN__DUPLICATE_METHOD_MATCH = YES;
				COPY_PHASE_STRIP = NO;
				DEBUG_INFORMATION_FORMAT = "dwarf-with-dsym";
				ENABLE_NS_ASSERTIONS = NO;
				ENABLE_STRICT_OBJC_MSGSEND = YES;
				GCC_C_LANGUAGE_STANDARD = gnu11;
				GCC_NO_COMMON_BLOCKS = YES;
				GCC_WARN_64_TO_32_BIT_CONVERSION = YES;
				GCC_WARN_ABOUT_RETURN_TYPE = YES_ERROR;
				GCC_WARN_UNDECLARED_SELECTOR = YES;
				GCC_WARN_UNINITIALIZED_AUTOS = YES_AGGRESSIVE;
				GCC_WARN_UNUSED_FUNCTION = YES;
				GCC_WARN_UNUSED_VARIABLE = YES;
				IPHONEOS_DEPLOYMENT_TARGET = 15.5;
				MTL_ENABLE_DEBUG_INFO = NO;
				MTL_FAST_MATH = YES;
				SDKROOT = iphoneos;
				SWIFT_COMPILATION_MODE = wholemodule;
				SWIFT_OPTIMIZATION_LEVEL = "-O";
				VALIDATE_PRODUCT = YES;
			};
			name = Release;
		};
		7743A3AC28A23A600089B473 /* Debug */ = {
			isa = XCBuildConfiguration;
			buildSettings = {
				ASSETCATALOG_COMPILER_APPICON_NAME = AppIcon;
				ASSETCATALOG_COMPILER_GLOBAL_ACCENT_COLOR_NAME = AccentColor;
				CODE_SIGN_STYLE = Automatic;
				CURRENT_PROJECT_VERSION = 1;
				GENERATE_INFOPLIST_FILE = YES;
				INFOPLIST_FILE = KREAM/Info.plist;
				INFOPLIST_KEY_UIApplicationSupportsIndirectInputEvents = YES;
				INFOPLIST_KEY_UILaunchStoryboardName = LaunchScreen;
				INFOPLIST_KEY_UISupportedInterfaceOrientations_iPad = "UIInterfaceOrientationPortrait UIInterfaceOrientationPortraitUpsideDown UIInterfaceOrientationLandscapeLeft UIInterfaceOrientationLandscapeRight";
				INFOPLIST_KEY_UISupportedInterfaceOrientations_iPhone = "UIInterfaceOrientationPortrait UIInterfaceOrientationLandscapeLeft UIInterfaceOrientationLandscapeRight";
				LD_RUNPATH_SEARCH_PATHS = (
					"$(inherited)",
					"@executable_path/Frameworks",
				);
				MARKETING_VERSION = 1.0;
				PRODUCT_BUNDLE_IDENTIFIER = Minjae.KREAM;
				PRODUCT_NAME = "$(TARGET_NAME)";
				SWIFT_EMIT_LOC_STRINGS = YES;
				SWIFT_VERSION = 5.0;
				TARGETED_DEVICE_FAMILY = "1,2";
			};
			name = Debug;
		};
		7743A3AD28A23A600089B473 /* Release */ = {
			isa = XCBuildConfiguration;
			buildSettings = {
				ASSETCATALOG_COMPILER_APPICON_NAME = AppIcon;
				ASSETCATALOG_COMPILER_GLOBAL_ACCENT_COLOR_NAME = AccentColor;
				CODE_SIGN_STYLE = Automatic;
				CURRENT_PROJECT_VERSION = 1;
				GENERATE_INFOPLIST_FILE = YES;
				INFOPLIST_FILE = KREAM/Info.plist;
				INFOPLIST_KEY_UIApplicationSupportsIndirectInputEvents = YES;
				INFOPLIST_KEY_UILaunchStoryboardName = LaunchScreen;
				INFOPLIST_KEY_UISupportedInterfaceOrientations_iPad = "UIInterfaceOrientationPortrait UIInterfaceOrientationPortraitUpsideDown UIInterfaceOrientationLandscapeLeft UIInterfaceOrientationLandscapeRight";
				INFOPLIST_KEY_UISupportedInterfaceOrientations_iPhone = "UIInterfaceOrientationPortrait UIInterfaceOrientationLandscapeLeft UIInterfaceOrientationLandscapeRight";
				LD_RUNPATH_SEARCH_PATHS = (
					"$(inherited)",
					"@executable_path/Frameworks",
				);
				MARKETING_VERSION = 1.0;
				PRODUCT_BUNDLE_IDENTIFIER = Minjae.KREAM;
				PRODUCT_NAME = "$(TARGET_NAME)";
				SWIFT_EMIT_LOC_STRINGS = YES;
				SWIFT_VERSION = 5.0;
				TARGETED_DEVICE_FAMILY = "1,2";
			};
			name = Release;
		};
/* End XCBuildConfiguration section */

/* Begin XCConfigurationList section */
		7743A39228A23A5F0089B473 /* Build configuration list for PBXProject "KREAM" */ = {
			isa = XCConfigurationList;
			buildConfigurations = (
				7743A3A928A23A600089B473 /* Debug */,
				7743A3AA28A23A600089B473 /* Release */,
			);
			defaultConfigurationIsVisible = 0;
			defaultConfigurationName = Release;
		};
		7743A3AB28A23A600089B473 /* Build configuration list for PBXNativeTarget "KREAM" */ = {
			isa = XCConfigurationList;
			buildConfigurations = (
				7743A3AC28A23A600089B473 /* Debug */,
				7743A3AD28A23A600089B473 /* Release */,
			);
			defaultConfigurationIsVisible = 0;
			defaultConfigurationName = Release;
		};
/* End XCConfigurationList section */

/* Begin XCRemoteSwiftPackageReference section */
		7743A3AE28A2419C0089B473 /* XCRemoteSwiftPackageReference "SnapKit" */ = {
			isa = XCRemoteSwiftPackageReference;
			repositoryURL = "https://github.com/SnapKit/SnapKit";
			requirement = {
				branch = develop;
				kind = branch;
			};
		};
		7743A3B128A241B30089B473 /* XCRemoteSwiftPackageReference "Then" */ = {
			isa = XCRemoteSwiftPackageReference;
			repositoryURL = "https://github.com/devxoul/Then";
			requirement = {
				branch = master;
				kind = branch;
			};
		};
/* End XCRemoteSwiftPackageReference section */

/* Begin XCSwiftPackageProductDependency section */
		7743A3AF28A2419C0089B473 /* SnapKit */ = {
			isa = XCSwiftPackageProductDependency;
			package = 7743A3AE28A2419C0089B473 /* XCRemoteSwiftPackageReference "SnapKit" */;
			productName = SnapKit;
		};
		7743A3B228A241B30089B473 /* Then */ = {
			isa = XCSwiftPackageProductDependency;
			package = 7743A3B128A241B30089B473 /* XCRemoteSwiftPackageReference "Then" */;
			productName = Then;
		};
/* End XCSwiftPackageProductDependency section */
	};
	rootObject = 7743A38F28A23A5F0089B473 /* Project object */;
}
